
Microsoft Visual Studio Solution File, Format Version 12.00
# Visual Studio Version 17
VisualStudioVersion = 17.0.32002.185
MinimumVisualStudioVersion = 10.0.40219.1
Project("{8BC9CEB8-8B4A-11D0-8D11-00A0C91BC942}") = "C++16", "C++16\C++16.vcxproj", "{08844830-F50E-4636-9F55-D0749924432B}"
EndProject
Global
	GlobalSection(SolutionConfigurationPlatforms) = preSolution
		Debug|x64 = Debug|x64
		Debug|x86 = Debug|x86
		Release|x64 = Release|x64
		Release|x86 = Release|x86
	EndGlobalSection
	GlobalSection(ProjectConfigurationPlatforms) = postSolution
		{08844830-F50E-4636-9F55-D0749924432B}.Debug|x64.ActiveCfg = Debug|x64
		{08844830-F50E-4636-9F55-D0749924432B}.Debug|x64.Build.0 = Debug|x64
		{08844830-F50E-4636-9F55-D0749924432B}.Debug|x86.ActiveCfg = Debug|Win32
		{08844830-F50E-4636-9F55-D0749924432B}.Debug|x86.Build.0 = Debug|Win32
		{08844830-F50E-4636-9F55-D0749924432B}.Release|x64.ActiveCfg = Release|x64
		{08844830-F50E-4636-9F55-D0749924432B}.Release|x64.Build.0 = Release|x64
		{08844830-F50E-4636-9F55-D0749924432B}.Release|x86.ActiveCfg = Release|Win32
		{08844830-F50E-4636-9F55-D0749924432B}.Release|x86.Build.0 = Release|Win32
	EndGlobalSection
	GlobalSection(SolutionProperties) = preSolution
		HideSolutionNode = FALSE
	EndGlobalSection
	GlobalSection(ExtensibilityGlobals) = postSolution
		SolutionGuid = {F192E3E3-9723-4A1B-8C2A-02164147BA0F}
	EndGlobalSection
EndGlobal
